
Microsoft Visual Studio Solution File, Format Version 12.00
# Visual Studio Version 16
VisualStudioVersion = 16.0.31702.278
MinimumVisualStudioVersion = 10.0.40219.1
Project("{FAE04EC0-301F-11D3-BF4B-00C04F79EFBC}") = "MathQuestions", "MathQuestions\MathQuestions.csproj", "{453F5BA6-0CD7-40C1-B47D-0DCAFA4A6190}"
EndProject
Global
	GlobalSection(SolutionConfigurationPlatforms) = preSolution
		Debug|Any CPU = Debug|Any CPU
		Release|Any CPU = Release|Any CPU
	EndGlobalSection
	GlobalSection(ProjectConfigurationPlatforms) = postSolution
		{453F5BA6-0CD7-40C1-B47D-0DCAFA4A6190}.Debug|Any CPU.ActiveCfg = Debug|Any CPU
		{453F5BA6-0CD7-40C1-B47D-0DCAFA4A6190}.Debug|Any CPU.Build.0 = Debug|Any CPU
		{453F5BA6-0CD7-40C1-B47D-0DCAFA4A6190}.Release|Any CPU.ActiveCfg = Release|Any CPU
		{453F5BA6-0CD7-40C1-B47D-0DCAFA4A6190}.Release|Any CPU.Build.0 = Release|Any CPU
	EndGlobalSection
	GlobalSection(SolutionProperties) = preSolution
		HideSolutionNode = FALSE
	EndGlobalSection
	GlobalSection(ExtensibilityGlobals) = postSolution
		SolutionGuid = {C74E8F2D-2DA0-43A4-8941-1008F1AFCD69}
	EndGlobalSection
EndGlobal
